// !$*UTF8*$!
{
	archiveVersion = 1;
	classes = {
	};
	objectVersion = 50;
	objects = {

/* Begin PBXBuildFile section */
		2B59139724DBF9600075E624 /* AppDelegate.swift in Sources */ = {isa = PBXBuildFile; fileRef = 2B59139624DBF9600075E624 /* AppDelegate.swift */; };
		2B59139924DBF9600075E624 /* SceneDelegate.swift in Sources */ = {isa = PBXBuildFile; fileRef = 2B59139824DBF9600075E624 /* SceneDelegate.swift */; };
		2B59139E24DBF9600075E624 /* Main.storyboard in Resources */ = {isa = PBXBuildFile; fileRef = 2B59139C24DBF9600075E624 /* Main.storyboard */; };
		2B5913A024DBF9640075E624 /* Assets.xcassets in Resources */ = {isa = PBXBuildFile; fileRef = 2B59139F24DBF9640075E624 /* Assets.xcassets */; };
		2B5913A324DBF9640075E624 /* LaunchScreen.storyboard in Resources */ = {isa = PBXBuildFile; fileRef = 2B5913A124DBF9640075E624 /* LaunchScreen.storyboard */; };
		2B5913AE24DBFA500075E624 /* HomeVC.swift in Sources */ = {isa = PBXBuildFile; fileRef = 2B5913AD24DBFA500075E624 /* HomeVC.swift */; };
		2B5913B624DBFC100075E624 /* DynamicLayoutCVCell.swift in Sources */ = {isa = PBXBuildFile; fileRef = 2B5913B424DBFC100075E624 /* DynamicLayoutCVCell.swift */; };
		2B5913B724DBFC100075E624 /* DynamicLayoutCVCell.xib in Resources */ = {isa = PBXBuildFile; fileRef = 2B5913B524DBFC100075E624 /* DynamicLayoutCVCell.xib */; };
		2B5913BA24DBFEED0075E624 /* DynamicLayout.swift in Sources */ = {isa = PBXBuildFile; fileRef = 2B5913B924DBFEED0075E624 /* DynamicLayout.swift */; };
/* End PBXBuildFile section */

/* Begin PBXFileReference section */
		2B59139324DBF9600075E624 /* Dynamic UICollectionViewFlowLayout.app */ = {isa = PBXFileReference; explicitFileType = wrapper.application; includeInIndex = 0; path = "Dynamic UICollectionViewFlowLayout.app"; sourceTree = BUILT_PRODUCTS_DIR; };
		2B59139624DBF9600075E624 /* AppDelegate.swift */ = {isa = PBXFileReference; lastKnownFileType = sourcecode.swift; path = AppDelegate.swift; sourceTree = "<group>"; };
		2B59139824DBF9600075E624 /* SceneDelegate.swift */ = {isa = PBXFileReference; lastKnownFileType = sourcecode.swift; path = SceneDelegate.swift; sourceTree = "<group>"; };
		2B59139D24DBF9600075E624 /* Base */ = {isa = PBXFileReference; lastKnownFileType = file.storyboard; name = Base; path = Base.lproj/Main.storyboard; sourceTree = "<group>"; };
		2B59139F24DBF9640075E624 /* Assets.xcassets */ = {isa = PBXFileReference; lastKnownFileType = folder.assetcatalog; path = Assets.xcassets; sourceTree = "<group>"; };
		2B5913A224DBF9640075E624 /* Base */ = {isa = PBXFileReference; lastKnownFileType = file.storyboard; name = Base; path = Base.lproj/LaunchScreen.storyboard; sourceTree = "<group>"; };
		2B5913A424DBF9640075E624 /* Info.plist */ = {isa = PBXFileReference; lastKnownFileType = text.plist.xml; path = Info.plist; sourceTree = "<group>"; };
		2B5913AD24DBFA500075E624 /* HomeVC.swift */ = {isa = PBXFileReference; lastKnownFileType = sourcecode.swift; path = HomeVC.swift; sourceTree = "<group>"; };
		2B5913B424DBFC100075E624 /* DynamicLayoutCVCell.swift */ = {isa = PBXFileReference; lastKnownFileType = sourcecode.swift; path = DynamicLayoutCVCell.swift; sourceTree = "<group>"; };
		2B5913B524DBFC100075E624 /* DynamicLayoutCVCell.xib */ = {isa = PBXFileReference; lastKnownFileType = file.xib; path = DynamicLayoutCVCell.xib; sourceTree = "<group>"; };
		2B5913B924DBFEED0075E624 /* DynamicLayout.swift */ = {isa = PBXFileReference; fileEncoding = 4; lastKnownFileType = sourcecode.swift; path = DynamicLayout.swift; sourceTree = "<group>"; };
/* End PBXFileReference section */

/* Begin PBXFrameworksBuildPhase section */
		2B59139024DBF9600075E624 /* Frameworks */ = {
			isa = PBXFrameworksBuildPhase;
			buildActionMask = 2147483647;
			files = (
			);
			runOnlyForDeploymentPostprocessing = 0;
		};
/* End PBXFrameworksBuildPhase section */

/* Begin PBXGroup section */
		2B59138A24DBF95F0075E624 = {
			isa = PBXGroup;
			children = (
				2B59139524DBF9600075E624 /* Dynamic UICollectionViewFlowLayout */,
				2B59139424DBF9600075E624 /* Products */,
			);
			sourceTree = "<group>";
		};
		2B59139424DBF9600075E624 /* Products */ = {
			isa = PBXGroup;
			children = (
				2B59139324DBF9600075E624 /* Dynamic UICollectionViewFlowLayout.app */,
			);
			name = Products;
			sourceTree = "<group>";
		};
		2B59139524DBF9600075E624 /* Dynamic UICollectionViewFlowLayout */ = {
			isa = PBXGroup;
			children = (
				2B5913B824DBFEE00075E624 /* Support files */,
				2B5913AB24DBF9E80075E624 /* Delegates */,
				2B5913AA24DBF96D0075E624 /* ViewControllers */,
				2B5913AC24DBFA170075E624 /* Storyboard */,
				2B59139F24DBF9640075E624 /* Assets.xcassets */,
				2B5913A424DBF9640075E624 /* Info.plist */,
			);
			path = "Dynamic UICollectionViewFlowLayout";
			sourceTree = "<group>";
		};
		2B5913AA24DBF96D0075E624 /* ViewControllers */ = {
			isa = PBXGroup;
			children = (
				2B5913AF24DBFBC00075E624 /* Custom Class */,
				2B5913AD24DBFA500075E624 /* HomeVC.swift */,
			);
			path = ViewControllers;
			sourceTree = "<group>";
		};
		2B5913AB24DBF9E80075E624 /* Delegates */ = {
			isa = PBXGroup;
			children = (
				2B59139624DBF9600075E624 /* AppDelegate.swift */,
				2B59139824DBF9600075E624 /* SceneDelegate.swift */,
			);
			path = Delegates;
			sourceTree = "<group>";
		};
		2B5913AC24DBFA170075E624 /* Storyboard */ = {
			isa = PBXGroup;
			children = (
				2B59139C24DBF9600075E624 /* Main.storyboard */,
				2B5913A124DBF9640075E624 /* LaunchScreen.storyboard */,
			);
			path = Storyboard;
			sourceTree = "<group>";
		};
		2B5913AF24DBFBC00075E624 /* Custom Class */ = {
			isa = PBXGroup;
			children = (
				2B5913B424DBFC100075E624 /* DynamicLayoutCVCell.swift */,
				2B5913B524DBFC100075E624 /* DynamicLayoutCVCell.xib */,
			);
			path = "Custom Class";
			sourceTree = "<group>";
		};
		2B5913B824DBFEE00075E624 /* Support files */ = {
			isa = PBXGroup;
			children = (
				2B5913B924DBFEED0075E624 /* DynamicLayout.swift */,
			);
			path = "Support files";
			sourceTree = "<group>";
		};
/* End PBXGroup section */

/* Begin PBXNativeTarget section */
		2B59139224DBF9600075E624 /* Dynamic UICollectionViewFlowLayout */ = {
			isa = PBXNativeTarget;
			buildConfigurationList = 2B5913A724DBF9640075E624 /* Build configuration list for PBXNativeTarget "Dynamic UICollectionViewFlowLayout" */;
			buildPhases = (
				2B59138F24DBF9600075E624 /* Sources */,
				2B59139024DBF9600075E624 /* Frameworks */,
				2B59139124DBF9600075E624 /* Resources */,
			);
			buildRules = (
			);
			dependencies = (
			);
			name = "Dynamic UICollectionViewFlowLayout";
			productName = "Dynamic UICollectionViewFlowLayout";
			productReference = 2B59139324DBF9600075E624 /* Dynamic UICollectionViewFlowLayout.app */;
			productType = "com.apple.product-type.application";
		};
/* End PBXNativeTarget section */

/* Begin PBXProject section */
		2B59138B24DBF95F0075E624 /* Project object */ = {
			isa = PBXProject;
			attributes = {
				LastSwiftUpdateCheck = 1130;
				LastUpgradeCheck = 1130;
				ORGANIZATIONNAME = "Meet Soni";
				TargetAttributes = {
					2B59139224DBF9600075E624 = {
						CreatedOnToolsVersion = 11.3.1;
					};
				};
			};
			buildConfigurationList = 2B59138E24DBF9600075E624 /* Build configuration list for PBXProject "Dynamic UICollectionViewFlowLayout" */;
			compatibilityVersion = "Xcode 9.3";
			developmentRegion = en;
			hasScannedForEncodings = 0;
			knownRegions = (
				en,
				Base,
			);
			mainGroup = 2B59138A24DBF95F0075E624;
			productRefGroup = 2B59139424DBF9600075E624 /* Products */;
			projectDirPath = "";
			projectRoot = "";
			targets = (
				2B59139224DBF9600075E624 /* Dynamic UICollectionViewFlowLayout */,
			);
		};
/* End PBXProject section */

/* Begin PBXResourcesBuildPhase section */
		2B59139124DBF9600075E624 /* Resources */ = {
			isa = PBXResourcesBuildPhase;
			buildActionMask = 2147483647;
			files = (
				2B5913B724DBFC100075E624 /* DynamicLayoutCVCell.xib in Resources */,
				2B5913A324DBF9640075E624 /* LaunchScreen.storyboard in Resources */,
				2B5913A024DBF9640075E624 /* Assets.xcassets in Resources */,
				2B59139E24DBF9600075E624 /* Main.storyboard in Resources */,
			);
			runOnlyForDeploymentPostprocessing = 0;
		};
/* End PBXResourcesBuildPhase section */

/* Begin PBXSourcesBuildPhase section */
		2B59138F24DBF9600075E624 /* Sources */ = {
			isa = PBXSourcesBuildPhase;
			buildActionMask = 2147483647;
			files = (
				2B5913B624DBFC100075E624 /* DynamicLayoutCVCell.swift in Sources */,
				2B5913BA24DBFEED0075E624 /* DynamicLayout.swift in Sources */,
				2B5913AE24DBFA500075E624 /* HomeVC.swift in Sources */,
				2B59139724DBF9600075E624 /* AppDelegate.swift in Sources */,
				2B59139924DBF9600075E624 /* SceneDelegate.swift in Sources */,
			);
			runOnlyForDeploymentPostprocessing = 0;
		};
/* End PBXSourcesBuildPhase section */

/* Begin PBXVariantGroup section */
		2B59139C24DBF9600075E624 /* Main.storyboard */ = {
			isa = PBXVariantGroup;
			children = (
				2B59139D24DBF9600075E624 /* Base */,
			);
			name = Main.storyboard;
			sourceTree = "<group>";
		};
		2B5913A124DBF9640075E624 /* LaunchScreen.storyboard */ = {
			isa = PBXVariantGroup;
			children = (
				2B5913A224DBF9640075E624 /* Base */,
			);
			name = LaunchScreen.storyboard;
			sourceTree = "<group>";
		};
/* End PBXVariantGroup section */

/* Begin XCBuildConfiguration section */
		2B5913A524DBF9640075E624 /* Debug */ = {
			isa = XCBuildConfiguration;
			buildSettings = {
				ALWAYS_SEARCH_USER_PATHS = NO;
				CLANG_ANALYZER_NONNULL = YES;
				CLANG_ANALYZER_NUMBER_OBJECT_CONVERSION = YES_AGGRESSIVE;
				CLANG_CXX_LANGUAGE_STANDARD = "gnu++14";
				CLANG_CXX_LIBRARY = "libc++";
				CLANG_ENABLE_MODULES = YES;
				CLANG_ENABLE_OBJC_ARC = YES;
				CLANG_ENABLE_OBJC_WEAK = YES;
				CLANG_WARN_BLOCK_CAPTURE_AUTORELEASING = YES;
				CLANG_WARN_BOOL_CONVERSION = YES;
				CLANG_WARN_COMMA = YES;
				CLANG_WARN_CONSTANT_CONVERSION = YES;
				CLANG_WARN_DEPRECATED_OBJC_IMPLEMENTATIONS = YES;
				CLANG_WARN_DIRECT_OBJC_ISA_USAGE = YES_ERROR;
				CLANG_WARN_DOCUMENTATION_COMMENTS = YES;
				CLANG_WARN_EMPTY_BODY = YES;
				CLANG_WARN_ENUM_CONVERSION = YES;
				CLANG_WARN_INFINITE_RECURSION = YES;
				CLANG_WARN_INT_CONVERSION = YES;
				CLANG_WARN_NON_LITERAL_NULL_CONVERSION = YES;
				CLANG_WARN_OBJC_IMPLICIT_RETAIN_SELF = YES;
				CLANG_WARN_OBJC_LITERAL_CONVERSION = YES;
				CLANG_WARN_OBJC_ROOT_CLASS = YES_ERROR;
				CLANG_WARN_RANGE_LOOP_ANALYSIS = YES;
				CLANG_WARN_STRICT_PROTOTYPES = YES;
				CLANG_WARN_SUSPICIOUS_MOVE = YES;
				CLANG_WARN_UNGUARDED_AVAILABILITY = YES_AGGRESSIVE;
				CLANG_WARN_UNREACHABLE_CODE = YES;
				CLANG_WARN__DUPLICATE_METHOD_MATCH = YES;
				COPY_PHASE_STRIP = NO;
				DEBUG_INFORMATION_FORMAT = dwarf;
				ENABLE_STRICT_OBJC_MSGSEND = YES;
				ENABLE_TESTABILITY = YES;
				GCC_C_LANGUAGE_STANDARD = gnu11;
				GCC_DYNAMIC_NO_PIC = NO;
				GCC_NO_COMMON_BLOCKS = YES;
				GCC_OPTIMIZATION_LEVEL = 0;
				GCC_PREPROCESSOR_DEFINITIONS = (
					"DEBUG=1",
					"$(inherited)",
				);
				GCC_WARN_64_TO_32_BIT_CONVERSION = YES;
				GCC_WARN_ABOUT_RETURN_TYPE = YES_ERROR;
				GCC_WARN_UNDECLARED_SELECTOR = YES;
				GCC_WARN_UNINITIALIZED_AUTOS = YES_AGGRESSIVE;
				GCC_WARN_UNUSED_FUNCTION = YES;
				GCC_WARN_UNUSED_VARIABLE = YES;
				IPHONEOS_DEPLOYMENT_TARGET = 13.2;
				MTL_ENABLE_DEBUG_INFO = INCLUDE_SOURCE;
				MTL_FAST_MATH = YES;
				ONLY_ACTIVE_ARCH = YES;
				SDKROOT = iphoneos;
				SWIFT_ACTIVE_COMPILATION_CONDITIONS = DEBUG;
				SWIFT_OPTIMIZATION_LEVEL = "-Onone";
			};
			name = Debug;
		};
		2B5913A624DBF9640075E624 /* Release */ = {
			isa = XCBuildConfiguration;
			buildSettings = {
				ALWAYS_SEARCH_USER_PATHS = NO;
				CLANG_ANALYZER_NONNULL = YES;
				CLANG_ANALYZER_NUMBER_OBJECT_CONVERSION = YES_AGGRESSIVE;
				CLANG_CXX_LANGUAGE_STANDARD = "gnu++14";
				CLANG_CXX_LIBRARY = "libc++";
				CLANG_ENABLE_MODULES = YES;
				CLANG_ENABLE_OBJC_ARC = YES;
				CLANG_ENABLE_OBJC_WEAK = YES;
				CLANG_WARN_BLOCK_CAPTURE_AUTORELEASING = YES;
				CLANG_WARN_BOOL_CONVERSION = YES;
				CLANG_WARN_COMMA = YES;
				CLANG_WARN_CONSTANT_CONVERSION = YES;
				CLANG_WARN_DEPRECATED_OBJC_IMPLEMENTATIONS = YES;
				CLANG_WARN_DIRECT_OBJC_ISA_USAGE = YES_ERROR;
				CLANG_WARN_DOCUMENTATION_COMMENTS = YES;
				CLANG_WARN_EMPTY_BODY = YES;
				CLANG_WARN_ENUM_CONVERSION = YES;
				CLANG_WARN_INFINITE_RECURSION = YES;
				CLANG_WARN_INT_CONVERSION = YES;
				CLANG_WARN_NON_LITERAL_NULL_CONVERSION = YES;
				CLANG_WARN_OBJC_IMPLICIT_RETAIN_SELF = YES;
				CLANG_WARN_OBJC_LITERAL_CONVERSION = YES;
				CLANG_WARN_OBJC_ROOT_CLASS = YES_ERROR;
				CLANG_WARN_RANGE_LOOP_ANALYSIS = YES;
				CLANG_WARN_STRICT_PROTOTYPES = YES;
				CLANG_WARN_SUSPICIOUS_MOVE = YES;
				CLANG_WARN_UNGUARDED_AVAILABILITY = YES_AGGRESSIVE;
				CLANG_WARN_UNREACHABLE_CODE = YES;
				CLANG_WARN__DUPLICATE_METHOD_MATCH = YES;
				COPY_PHASE_STRIP = NO;
				DEBUG_INFORMATION_FORMAT = "dwarf-with-dsym";
				ENABLE_NS_ASSERTIONS = NO;
				ENABLE_STRICT_OBJC_MSGSEND = YES;
				GCC_C_LANGUAGE_STANDARD = gnu11;
				GCC_NO_COMMON_BLOCKS = YES;
				GCC_WARN_64_TO_32_BIT_CONVERSION = YES;
				GCC_WARN_ABOUT_RETURN_TYPE = YES_ERROR;
				GCC_WARN_UNDECLARED_SELECTOR = YES;
				GCC_WARN_UNINITIALIZED_AUTOS = YES_AGGRESSIVE;
				GCC_WARN_UNUSED_FUNCTION = YES;
				GCC_WARN_UNUSED_VARIABLE = YES;
				IPHONEOS_DEPLOYMENT_TARGET = 13.2;
				MTL_ENABLE_DEBUG_INFO = NO;
				MTL_FAST_MATH = YES;
				SDKROOT = iphoneos;
				SWIFT_COMPILATION_MODE = wholemodule;
				SWIFT_OPTIMIZATION_LEVEL = "-O";
				VALIDATE_PRODUCT = YES;
			};
			name = Release;
		};
		2B5913A824DBF9640075E624 /* Debug */ = {
			isa = XCBuildConfiguration;
			buildSettings = {
				ASSETCATALOG_COMPILER_APPICON_NAME = AppIcon;
				CODE_SIGN_STYLE = Automatic;
				INFOPLIST_FILE = "Dynamic UICollectionViewFlowLayout/Info.plist";
				LD_RUNPATH_SEARCH_PATHS = (
					"$(inherited)",
					"@executable_path/Frameworks",
				);
				PRODUCT_BUNDLE_IDENTIFIER = "com.BrainVire.Dynamic-UICollectionViewFlowLayout";
				PRODUCT_NAME = "$(TARGET_NAME)";
				SWIFT_VERSION = 5.0;
				TARGETED_DEVICE_FAMILY = "1,2";
			};
			name = Debug;
		};
		2B5913A924DBF9640075E624 /* Release */ = {
			isa = XCBuildConfiguration;
			buildSettings = {
				ASSETCATALOG_COMPILER_APPICON_NAME = AppIcon;
				CODE_SIGN_STYLE = Automatic;
				INFOPLIST_FILE = "Dynamic UICollectionViewFlowLayout/Info.plist";
				LD_RUNPATH_SEARCH_PATHS = (
					"$(inherited)",
					"@executable_path/Frameworks",
				);
				PRODUCT_BUNDLE_IDENTIFIER = "com.BrainVire.Dynamic-UICollectionViewFlowLayout";
				PRODUCT_NAME = "$(TARGET_NAME)";
				SWIFT_VERSION = 5.0;
				TARGETED_DEVICE_FAMILY = "1,2";
			};
			name = Release;
		};
/* End XCBuildConfiguration section */

/* Begin XCConfigurationList section */
		2B59138E24DBF9600075E624 /* Build configuration list for PBXProject "Dynamic UICollectionViewFlowLayout" */ = {
			isa = XCConfigurationList;
			buildConfigurations = (
				2B5913A524DBF9640075E624 /* Debug */,
				2B5913A624DBF9640075E624 /* Release */,
			);
			defaultConfigurationIsVisible = 0;
			defaultConfigurationName = Release;
		};
		2B5913A724DBF9640075E624 /* Build configuration list for PBXNativeTarget "Dynamic UICollectionViewFlowLayout" */ = {
			isa = XCConfigurationList;
			buildConfigurations = (
				2B5913A824DBF9640075E624 /* Debug */,
				2B5913A924DBF9640075E624 /* Release */,
			);
			defaultConfigurationIsVisible = 0;
			defaultConfigurationName = Release;
		};
/* End XCConfigurationList section */
	};
	rootObject = 2B59138B24DBF95F0075E624 /* Project object */;
}
